
Microsoft Visual Studio Solution File, Format Version 12.00
# Visual Studio Version 17
VisualStudioVersion = 17.8.34525.116
MinimumVisualStudioVersion = 10.0.40219.1
Project("{2150E333-8FDC-42A3-9474-1A3956D46DE8}") = "src", "src", "{9A448FAE-83DD-48A7-81BE-2E7C7E3054E3}"
EndProject
Project("{2150E333-8FDC-42A3-9474-1A3956D46DE8}") = "test", "test", "{C11131DB-2648-44EF-81D5-AF85EBA8816E}"
EndProject
Project("{E53339B2-1760-4266-BCC7-CA923CBCF16C}") = "docker-compose", "docker-compose.dcproj", "{2B03696D-1AE8-42C5-8E09-70D058205317}"
EndProject
Project("{9A19103F-16F7-4668-BE54-9A1E7A4F7556}") = "Bookify.Api", "src\Bookify.Api\Bookify.Api.csproj", "{95330211-F1EA-47BE-A667-925A4CCDABB3}"
EndProject
Project("{9A19103F-16F7-4668-BE54-9A1E7A4F7556}") = "Bookify.Domain", "src\Bookify.Domain\Bookify.Domain.csproj", "{37F23B2F-2549-4526-9607-6D1E94F2D3EA}"
EndProject
Project("{9A19103F-16F7-4668-BE54-9A1E7A4F7556}") = "Bookify.Infrastructure", "src\Bookify.Infrastructure\Bookify.Infrastructure.csproj", "{E6C1F006-B489-40F3-88F4-40789FA7BAB4}"
EndProject
Project("{9A19103F-16F7-4668-BE54-9A1E7A4F7556}") = "Bookify.Application", "src\BookigyApplication\Bookify.Application.csproj", "{C403FEF1-ADCC-429D-8E23-F1356C135845}"
EndProject
Global
	GlobalSection(SolutionConfigurationPlatforms) = preSolution
		Debug|Any CPU = Debug|Any CPU
		Release|Any CPU = Release|Any CPU
	EndGlobalSection
	GlobalSection(ProjectConfigurationPlatforms) = postSolution
		{2B03696D-1AE8-42C5-8E09-70D058205317}.Debug|Any CPU.ActiveCfg = Debug|Any CPU
		{2B03696D-1AE8-42C5-8E09-70D058205317}.Debug|Any CPU.Build.0 = Debug|Any CPU
		{2B03696D-1AE8-42C5-8E09-70D058205317}.Release|Any CPU.ActiveCfg = Release|Any CPU
		{2B03696D-1AE8-42C5-8E09-70D058205317}.Release|Any CPU.Build.0 = Release|Any CPU
		{95330211-F1EA-47BE-A667-925A4CCDABB3}.Debug|Any CPU.ActiveCfg = Debug|Any CPU
		{95330211-F1EA-47BE-A667-925A4CCDABB3}.Debug|Any CPU.Build.0 = Debug|Any CPU
		{95330211-F1EA-47BE-A667-925A4CCDABB3}.Release|Any CPU.ActiveCfg = Release|Any CPU
		{95330211-F1EA-47BE-A667-925A4CCDABB3}.Release|Any CPU.Build.0 = Release|Any CPU
		{37F23B2F-2549-4526-9607-6D1E94F2D3EA}.Debug|Any CPU.ActiveCfg = Debug|Any CPU
		{37F23B2F-2549-4526-9607-6D1E94F2D3EA}.Debug|Any CPU.Build.0 = Debug|Any CPU
		{37F23B2F-2549-4526-9607-6D1E94F2D3EA}.Release|Any CPU.ActiveCfg = Release|Any CPU
		{37F23B2F-2549-4526-9607-6D1E94F2D3EA}.Release|Any CPU.Build.0 = Release|Any CPU
		{E6C1F006-B489-40F3-88F4-40789FA7BAB4}.Debug|Any CPU.ActiveCfg = Debug|Any CPU
		{E6C1F006-B489-40F3-88F4-40789FA7BAB4}.Debug|Any CPU.Build.0 = Debug|Any CPU
		{E6C1F006-B489-40F3-88F4-40789FA7BAB4}.Release|Any CPU.ActiveCfg = Release|Any CPU
		{E6C1F006-B489-40F3-88F4-40789FA7BAB4}.Release|Any CPU.Build.0 = Release|Any CPU
		{C403FEF1-ADCC-429D-8E23-F1356C135845}.Debug|Any CPU.ActiveCfg = Debug|Any CPU
		{C403FEF1-ADCC-429D-8E23-F1356C135845}.Debug|Any CPU.Build.0 = Debug|Any CPU
		{C403FEF1-ADCC-429D-8E23-F1356C135845}.Release|Any CPU.ActiveCfg = Release|Any CPU
		{C403FEF1-ADCC-429D-8E23-F1356C135845}.Release|Any CPU.Build.0 = Release|Any CPU
	EndGlobalSection
	GlobalSection(SolutionProperties) = preSolution
		HideSolutionNode = FALSE
	EndGlobalSection
	GlobalSection(NestedProjects) = preSolution
		{95330211-F1EA-47BE-A667-925A4CCDABB3} = {9A448FAE-83DD-48A7-81BE-2E7C7E3054E3}
		{37F23B2F-2549-4526-9607-6D1E94F2D3EA} = {9A448FAE-83DD-48A7-81BE-2E7C7E3054E3}
		{E6C1F006-B489-40F3-88F4-40789FA7BAB4} = {9A448FAE-83DD-48A7-81BE-2E7C7E3054E3}
		{C403FEF1-ADCC-429D-8E23-F1356C135845} = {9A448FAE-83DD-48A7-81BE-2E7C7E3054E3}
	EndGlobalSection
	GlobalSection(ExtensibilityGlobals) = postSolution
		SolutionGuid = {8506B5DA-72E0-4FF8-AA8A-3F078388D686}
	EndGlobalSection
EndGlobal
